<?xml version="1.0" encoding="utf-8"?>
<Project ToolsVersion="4.0" xmlns="http://schemas.microsoft.com/developer/msbuild/2003">
  <ItemGroup>
    <ClCompile Include="Renderer\BaseRenderer.cpp">
      <Filter>Renderer</Filter>
    </ClCompile>
    <ClCompile Include="Renderer\D2DRenderer.cpp">
      <Filter>Renderer</Filter>
    </ClCompile>
    <ClCompile Include="Renderer\D3D9Renderer.cpp">
      <Filter>Renderer</Filter>
    </ClCompile>
    <ClCompile Include="Renderer\GdiRenderer.cpp">
      <Filter>Renderer</Filter>
    </ClCompile>
    <ClCompile Include="Renderer\OpenGL11Renderer.cpp">
      <Filter>Renderer</Filter>
    </ClCompile>
    <ClCompile Include="Game\GameBoard.cpp">
      <Filter>Game</Filter>
    </ClCompile>
    <ClCompile Include="Game\GameController.cpp">
      <Filter>Game</Filter>
    </ClCompile>
    <ClCompile Include="Game\GameLooper.cpp">
      <Filter>Game</Filter>
    </ClCompile>
    <ClCompile Include="Utils\ObjectPool.cpp">
      <Filter>Utils</Filter>
    </ClCompile>
    <ClCompile Include="main.cpp" />
  </ItemGroup>
  <ItemGroup>
    <ClInclude Include="resource.h">
      <Filter>Resources</Filter>
    </ClInclude>
    <ClInclude Include="Renderer\BaseRenderer.h">
      <Filter>Renderer</Filter>
    </ClInclude>
    <ClInclude Include="Renderer\D2DRenderer.h">
      <Filter>Renderer</Filter>
    </ClInclude>
    <ClInclude Include="Renderer\D3D9Renderer.h">
      <Filter>Renderer</Filter>
    </ClInclude>
    <ClInclude Include="Renderer\GdiRenderer.h">
      <Filter>Renderer</Filter>
    </ClInclude>
    <ClInclude Include="Renderer\OpenGL11Renderer.h">
      <Filter>Renderer</Filter>
    </ClInclude>
    <ClInclude Include="Game\GameBoard.h">
      <Filter>Game</Filter>
    </ClInclude>
    <ClInclude Include="Game\GameController.h">
      <Filter>Game</Filter>
    </ClInclude>
    <ClInclude Include="Game\GameLooper.h">
      <Filter>Game</Filter>
    </ClInclude>
    <ClInclude Include="Utils\ObjectPool.h">
      <Filter>Utils</Filter>
    </ClInclude>
    <ClInclude Include="Common.h" />
  </ItemGroup>
  <ItemGroup>
    <Filter Include="Renderer">
      <UniqueIdentifier>{062ee4ce-86b9-4cad-958d-748f760ff473}</UniqueIdentifier>
    </Filter>
    <Filter Include="Game">
      <UniqueIdentifier>{c6c92f3b-4f60-454b-aa0e-a87065732e7c}</UniqueIdentifier>
    </Filter>
    <Filter Include="Utils">
      <UniqueIdentifier>{2f1050a1-ca21-4dc0-963b-747ffcabd254}</UniqueIdentifier>
    </Filter>
    <Filter Include="Resources">
      <UniqueIdentifier>{f3b7a0df-07a4-4a43-b41c-95a471362494}</UniqueIdentifier>
    </Filter>
  </ItemGroup>
  <ItemGroup>
    <ResourceCompile Include="2048.rc">
      <Filter>Resources</Filter>
    </ResourceCompile>
  </ItemGroup>
</Project>