<?xml version="1.0" encoding="utf-8"?>
<Project ToolsVersion="4.0" xmlns="http://schemas.microsoft.com/developer/msbuild/2003">
  <ItemGroup>
    <ClCompile Include="main.cpp" />
    <ClCompile Include="BaseRenderer.cpp">
      <Filter>Renderer</Filter>
    </ClCompile>
    <ClCompile Include="D2DRenderer.cpp">
      <Filter>Renderer</Filter>
    </ClCompile>
    <ClCompile Include="GameLooper.cpp">
      <Filter>Game</Filter>
    </ClCompile>
    <ClCompile Include="GameController.cpp">
      <Filter>Game</Filter>
    </ClCompile>
    <ClCompile Include="GameBoard.cpp">
      <Filter>Game</Filter>
    </ClCompile>
    <ClCompile Include="GdiRenderer.cpp">
      <Filter>Renderer</Filter>
    </ClCompile>
  </ItemGroup>
  <ItemGroup>
    <ClInclude Include="BaseRenderer.h">
      <Filter>Renderer</Filter>
    </ClInclude>
    <ClInclude Include="D2DRenderer.h">
      <Filter>Renderer</Filter>
    </ClInclude>
    <ClInclude Include="GameLooper.h">
      <Filter>Game</Filter>
    </ClInclude>
    <ClInclude Include="GameController.h">
      <Filter>Game</Filter>
    </ClInclude>
    <ClInclude Include="GameBoard.h">
      <Filter>Game</Filter>
    </ClInclude>
    <ClInclude Include="Common.h">
      <Filter>Game</Filter>
    </ClInclude>
    <ClInclude Include="GdiRenderer.h">
      <Filter>Renderer</Filter>
    </ClInclude>
  </ItemGroup>
  <ItemGroup>
    <Filter Include="Renderer">
      <UniqueIdentifier>{062ee4ce-86b9-4cad-958d-748f760ff473}</UniqueIdentifier>
    </Filter>
    <Filter Include="Game">
      <UniqueIdentifier>{c6c92f3b-4f60-454b-aa0e-a87065732e7c}</UniqueIdentifier>
    </Filter>
  </ItemGroup>
</Project>